
Microsoft Visual Studio Solution File, Format Version 11.00
# Visual Studio 2010
Project("{FAE04EC0-301F-11D3-BF4B-00C04F79EFBC}") = "Assembly-CSharp", "Assembly-CSharp.csproj", "{e25d5fdd-d518-b947-dc93-bd4b266e00e9}"
EndProject
Project("{FAE04EC0-301F-11D3-BF4B-00C04F79EFBC}") = "Assembly-CSharp-firstpass", "Assembly-CSharp-firstpass.csproj", "{a1476912-2acf-6e76-c33a-74826dfbbaaf}"
EndProject
Global
	GlobalSection(SolutionConfigurationPlatforms) = preSolution
		Debug|Any CPU = Debug|Any CPU
		Release|Any CPU = Release|Any CPU
	EndGlobalSection
	GlobalSection(ProjectConfigurationPlatforms) = postSolution
		{e25d5fdd-d518-b947-dc93-bd4b266e00e9}.Debug|Any CPU.ActiveCfg = Debug|Any CPU
		{e25d5fdd-d518-b947-dc93-bd4b266e00e9}.Debug|Any CPU.Build.0 = Debug|Any CPU
		{e25d5fdd-d518-b947-dc93-bd4b266e00e9}.Release|Any CPU.ActiveCfg = Release|Any CPU
		{e25d5fdd-d518-b947-dc93-bd4b266e00e9}.Release|Any CPU.Build.0 = Release|Any CPU
		{a1476912-2acf-6e76-c33a-74826dfbbaaf}.Debug|Any CPU.ActiveCfg = Debug|Any CPU
		{a1476912-2acf-6e76-c33a-74826dfbbaaf}.Debug|Any CPU.Build.0 = Debug|Any CPU
		{a1476912-2acf-6e76-c33a-74826dfbbaaf}.Release|Any CPU.ActiveCfg = Release|Any CPU
		{a1476912-2acf-6e76-c33a-74826dfbbaaf}.Release|Any CPU.Build.0 = Release|Any CPU
	EndGlobalSection
	GlobalSection(SolutionProperties) = preSolution
		HideSolutionNode = FALSE
	EndGlobalSection
EndGlobal
