
Microsoft Visual Studio Solution File, Format Version 12.00
# Visual Studio 16
Project("{FAE04EC0-301F-11D3-BF4B-00C04F79EFBC}") = "Assembly-CSharp", "Assembly-CSharp.csproj", "{DD5F5DE2-18D5-47B9-DC93-BD4B266E00E9}"
EndProject
Project("{FAE04EC0-301F-11D3-BF4B-00C04F79EFBC}") = "Assembly-CSharp-firstpass", "Assembly-CSharp-firstpass.csproj", "{126947A1-CF2A-766E-C33A-74826DFBBAAF}"
EndProject
Global
	GlobalSection(SolutionConfigurationPlatforms) = preSolution
		Debug|Any CPU = Debug|Any CPU
		Release|Any CPU = Release|Any CPU
	EndGlobalSection
	GlobalSection(ProjectConfigurationPlatforms) = postSolution
		{DD5F5DE2-18D5-47B9-DC93-BD4B266E00E9}.Debug|Any CPU.ActiveCfg = Debug|Any CPU
		{DD5F5DE2-18D5-47B9-DC93-BD4B266E00E9}.Debug|Any CPU.Build.0 = Debug|Any CPU
		{DD5F5DE2-18D5-47B9-DC93-BD4B266E00E9}.Release|Any CPU.ActiveCfg = Release|Any CPU
		{DD5F5DE2-18D5-47B9-DC93-BD4B266E00E9}.Release|Any CPU.Build.0 = Release|Any CPU
		{126947A1-CF2A-766E-C33A-74826DFBBAAF}.Debug|Any CPU.ActiveCfg = Debug|Any CPU
		{126947A1-CF2A-766E-C33A-74826DFBBAAF}.Debug|Any CPU.Build.0 = Debug|Any CPU
		{126947A1-CF2A-766E-C33A-74826DFBBAAF}.Release|Any CPU.ActiveCfg = Release|Any CPU
		{126947A1-CF2A-766E-C33A-74826DFBBAAF}.Release|Any CPU.Build.0 = Release|Any CPU
	EndGlobalSection
	GlobalSection(SolutionProperties) = preSolution
		HideSolutionNode = FALSE
	EndGlobalSection
EndGlobal
